
Microsoft Visual Studio Solution File, Format Version 12.00
# Visual Studio Version 17
VisualStudioVersion = 17.5.33530.505
MinimumVisualStudioVersion = 10.0.40219.1
Project("{FAE04EC0-301F-11D3-BF4B-00C04F79EFBC}") = "student-status-server", "student-status-server\student-status-server.csproj", "{53160CDA-01C1-4CF1-8BC7-2A794D13D621}"
EndProject
Global
	GlobalSection(SolutionConfigurationPlatforms) = preSolution
		Debug|Any CPU = Debug|Any CPU
		Release|Any CPU = Release|Any CPU
	EndGlobalSection
	GlobalSection(ProjectConfigurationPlatforms) = postSolution
		{53160CDA-01C1-4CF1-8BC7-2A794D13D621}.Debug|Any CPU.ActiveCfg = Debug|Any CPU
		{53160CDA-01C1-4CF1-8BC7-2A794D13D621}.Debug|Any CPU.Build.0 = Debug|Any CPU
		{53160CDA-01C1-4CF1-8BC7-2A794D13D621}.Release|Any CPU.ActiveCfg = Release|Any CPU
		{53160CDA-01C1-4CF1-8BC7-2A794D13D621}.Release|Any CPU.Build.0 = Release|Any CPU
	EndGlobalSection
	GlobalSection(SolutionProperties) = preSolution
		HideSolutionNode = FALSE
	EndGlobalSection
	GlobalSection(ExtensibilityGlobals) = postSolution
		SolutionGuid = {93C7E625-117D-43A0-BFA2-502C87AB817D}
	EndGlobalSection
EndGlobal
